{
  "nodes": {
    "flake-utils": {
      "inputs": {
        "systems": "systems"
      },
      "locked": {
        "lastModified": 1731533236,
        "narHash": "sha256-l0KFg5HjrsfsO/JpG+r7fRrqm12kzFHyUHqHCVpMMbI=",
        "owner": "numtide",
        "repo": "flake-utils",
        "rev": "11707dc2f618dd54ca8739b309ec4fc024de578b",
        "type": "github"
      },
      "original": {
        "owner": "numtide",
        "repo": "flake-utils",
        "type": "github"
      }
    },
    "ftsb-src": {
      "flake": false,
      "locked": {
        "lastModified": 1744216595,
        "narHash": "sha256-mj16uC2E6fXa8ItHzrZu/tLEORl1ZgDxj6jxOnXzJ/s=",
        "owner": "RediSearch",
        "repo": "ftsb",
        "rev": "700a65fe1e5bcc85f5b949bef7fa2a991967daee",
        "type": "github"
      },
      "original": {
        "owner": "RediSearch",
        "ref": "v0.3.10",
        "repo": "ftsb",
        "type": "github"
      }
    },
    "nixpkgs": {
      "locked": {
        "lastModified": 1773110118,
        "narHash": "sha256-mPAG8phMbCReKSiKAijjjd3v7uVcJOQ75gSjGJjt/Rk=",
        "owner": "NixOS",
        "repo": "nixpkgs",
        "rev": "e607cb5360ff1234862ac9f8839522becb853bb9",
        "type": "github"
      },
      "original": {
        "owner": "NixOS",
        "ref": "nixpkgs-unstable",
        "repo": "nixpkgs",
        "type": "github"
      }
    },
    "python-terraform-src": {
      "flake": false,
      "locked": {
        "lastModified": 1614611682,
        "narHash": "sha256-EmNikzX2SM+U5lE8virQoWWwB0uAN3DTJk0aycOSAlQ=",
        "owner": "beelit94",
        "repo": "python-terraform",
        "rev": "e1ae747ebf2f3327e1e58d5ff26231720665c4de",
        "type": "github"
      },
      "original": {
        "owner": "beelit94",
        "ref": "0.14.0",
        "repo": "python-terraform",
        "type": "github"
      }
    },
    "redis": {
      "flake": false,
      "locked": {
        "lastModified": 1769950867,
        "narHash": "sha256-/tsGjCbA8C30GVElJ0J4fYP4cwMyr/1eLeVKI063MYA=",
        "ref": "rl_big2_8.4",
        "rev": "c0bc90647a418c0ef466a75aac3eeb2026e2456a",
        "revCount": 20405,
        "type": "git",
        "url": "ssh://git@github.com/redislabsdev/Redis.git"
      },
      "original": {
        "ref": "rl_big2_8.4",
        "type": "git",
        "url": "ssh://git@github.com/redislabsdev/Redis.git"
      }
    },
    "redis-flake": {
      "inputs": {
        "flake-utils": [
          "flake-utils"
        ],
        "nixpkgs": [
          "nixpkgs"
        ],
        "redis": "redis",
        "speedb": "speedb"
      },
      "locked": {
        "lastModified": 1770192464,
        "narHash": "sha256-Su1gBlrbTtH0xcK6SAq1q/DuP5ChHLWCoFQq/75+oHQ=",
        "owner": "chesedo",
        "repo": "redis-flake",
        "rev": "e0d7594be0e2865d840e4cb81951e3d5cf34f44c",
        "type": "github"
      },
      "original": {
        "owner": "chesedo",
        "ref": "big-redis",
        "repo": "redis-flake",
        "type": "github"
      }
    },
    "redisbench-admin-src": {
      "flake": false,
      "locked": {
        "lastModified": 1760720421,
        "narHash": "sha256-SE+evvdbQDhUrf4T8K5aK3WvZ92BD8mFlGoB2dOfGJE=",
        "owner": "chesedo",
        "repo": "redisbench-admin",
        "rev": "4fa5e959575525db75b558e2be8ee8643a06febc",
        "type": "github"
      },
      "original": {
        "owner": "chesedo",
        "ref": "do_not_daemonize",
        "repo": "redisbench-admin",
        "type": "github"
      }
    },
    "rltest-src": {
      "flake": false,
      "locked": {
        "lastModified": 1743002903,
        "narHash": "sha256-2oDHUzeQR7o/qVDzswI05FY4R0LWVVAHw67z3ozXVmM=",
        "owner": "RedisLabsModules",
        "repo": "RLTest",
        "rev": "b6bc69cfa67aa05aea7c829a133b31e309c210ef",
        "type": "github"
      },
      "original": {
        "owner": "RedisLabsModules",
        "ref": "v0.7.16",
        "repo": "RLTest",
        "type": "github"
      }
    },
    "root": {
      "inputs": {
        "flake-utils": "flake-utils",
        "ftsb-src": "ftsb-src",
        "nixpkgs": "nixpkgs",
        "python-terraform-src": "python-terraform-src",
        "redis-flake": "redis-flake",
        "redisbench-admin-src": "redisbench-admin-src",
        "rltest-src": "rltest-src",
        "rust-overlay": "rust-overlay"
      }
    },
    "rust-overlay": {
      "inputs": {
        "nixpkgs": [
          "nixpkgs"
        ]
      },
      "locked": {
        "lastModified": 1773284828,
        "narHash": "sha256-0qI+a9z7KpYCBbp4ENN32b2tf0VmC3MhgFw1KAroqxQ=",
        "owner": "oxalica",
        "repo": "rust-overlay",
        "rev": "2b18fe48d9a8a4ff3850d56b67cfe72f2a589237",
        "type": "github"
      },
      "original": {
        "owner": "oxalica",
        "repo": "rust-overlay",
        "type": "github"
      }
    },
    "speedb": {
      "flake": false,
      "locked": {
        "lastModified": 1770026009,
        "narHash": "sha256-joMGqh3Z88ltsc6oCz6NCeFeTmoiHht7VUMJd685QD4=",
        "ref": "refs/heads/main",
        "rev": "b6fef0bd5135f1b078f1d0017799dfc64256384e",
        "revCount": 12253,
        "type": "git",
        "url": "ssh://git@github.com/redislabsdev/speedb-ent"
      },
      "original": {
        "type": "git",
        "url": "ssh://git@github.com/redislabsdev/speedb-ent"
      }
    },
    "systems": {
      "locked": {
        "lastModified": 1681028828,
        "narHash": "sha256-Vy1rq5AaRuLzOxct8nz4T6wlgyUR7zLU309k9mBC768=",
        "owner": "nix-systems",
        "repo": "default",
        "rev": "da67096a3b9bf56a91d16901293e51ba5b49a27e",
        "type": "github"
      },
      "original": {
        "owner": "nix-systems",
        "repo": "default",
        "type": "github"
      }
    }
  },
  "root": "root",
  "version": 7
}
