{
  "nodes": {
    "flake-utils": {
      "inputs": {
        "systems": "systems"
      },
      "locked": {
        "lastModified": 1731533236,
        "narHash": "sha256-l0KFg5HjrsfsO/JpG+r7fRrqm12kzFHyUHqHCVpMMbI=",
        "owner": "numtide",
        "repo": "flake-utils",
        "rev": "11707dc2f618dd54ca8739b309ec4fc024de578b",
        "type": "github"
      },
      "original": {
        "owner": "numtide",
        "repo": "flake-utils",
        "type": "github"
      }
    },
    "ftsb-src": {
      "flake": false,
      "locked": {
        "lastModified": 1770296281,
        "narHash": "sha256-06Nas7TZgqEFVkiAT8A+JtOUIGA9gB74O33h2jEiyeI=",
        "owner": "RediSearch",
        "repo": "ftsb",
        "rev": "ac063e5d935a351f3126be3bf8d6abe803dc111b",
        "type": "github"
      },
      "original": {
        "owner": "RediSearch",
        "ref": "v0.5.0",
        "repo": "ftsb",
        "type": "github"
      }
    },
    "nixpkgs": {
      "locked": {
        "lastModified": 1773201692,
        "narHash": "sha256-NXrKzNMniu4Oam2kAFvqJ3GB2kAvlAFIriTAheaY8hw=",
        "owner": "NixOS",
        "repo": "nixpkgs",
        "rev": "b6067cc0127d4db9c26c79e4de0513e58d0c40c9",
        "type": "github"
      },
      "original": {
        "owner": "NixOS",
        "ref": "nixpkgs-unstable",
        "repo": "nixpkgs",
        "type": "github"
      }
    },
    "python-terraform-src": {
      "flake": false,
      "locked": {
        "lastModified": 1614611682,
        "narHash": "sha256-EmNikzX2SM+U5lE8virQoWWwB0uAN3DTJk0aycOSAlQ=",
        "owner": "beelit94",
        "repo": "python-terraform",
        "rev": "e1ae747ebf2f3327e1e58d5ff26231720665c4de",
        "type": "github"
      },
      "original": {
        "owner": "beelit94",
        "ref": "0.14.0",
        "repo": "python-terraform",
        "type": "github"
      }
    },
    "redis": {
      "flake": false,
      "locked": {
        "lastModified": 1773192433,
        "narHash": "sha256-/+cW1boC4mlh9tZp/mGoWQOf9umtf46f6LleMk0viG0=",
        "ref": "rsd_big2_8.4",
        "rev": "e5bb3b006dc5f94de7bdeeff4581f839bc798c8f",
        "revCount": 20453,
        "type": "git",
        "url": "ssh://git@github.com/redislabsdev/Redis.git"
      },
      "original": {
        "ref": "rsd_big2_8.4",
        "type": "git",
        "url": "ssh://git@github.com/redislabsdev/Redis.git"
      }
    },
    "redis-flake": {
      "inputs": {
        "flake-utils": [
          "flake-utils"
        ],
        "nixpkgs": [
          "nixpkgs"
        ],
        "redis": "redis",
        "speedb": "speedb"
      },
      "locked": {
        "lastModified": 1773729516,
        "narHash": "sha256-uuOE6lcIDVPZuJ631SPA3zYjWpQuftHdP7HKBcdkqmA=",
        "owner": "mainmatter",
        "repo": "redis-flake",
        "rev": "c286374ff01bd3257b342d7e263ac27ac2b7ea85",
        "type": "github"
      },
      "original": {
        "owner": "mainmatter",
        "ref": "rsd_big2_8.4",
        "repo": "redis-flake",
        "type": "github"
      }
    },
    "redisbench-admin-src": {
      "flake": false,
      "locked": {
        "lastModified": 1771412018,
        "narHash": "sha256-rhw6csPxmc5yDz3BEYgBtLVbsubj5/yM5g4Ky5hFB6I=",
        "owner": "redis-performance",
        "repo": "redisbench-admin",
        "rev": "3b0c4e4b040b5a870aed27f4708242c626cc87dd",
        "type": "github"
      },
      "original": {
        "owner": "redis-performance",
        "repo": "redisbench-admin",
        "type": "github"
      }
    },
    "rltest-src": {
      "flake": false,
      "locked": {
        "lastModified": 1763294468,
        "narHash": "sha256-QZydZRbZRgRNWr85TpuG7RHlZPvrFhh8F84J7QHrOxc=",
        "owner": "RedisLabsModules",
        "repo": "RLTest",
        "rev": "d18e03806be856cce47cc2fc73ae78bd2fd4db48",
        "type": "github"
      },
      "original": {
        "owner": "RedisLabsModules",
        "ref": "v0.7.18",
        "repo": "RLTest",
        "type": "github"
      }
    },
    "root": {
      "inputs": {
        "flake-utils": "flake-utils",
        "ftsb-src": "ftsb-src",
        "nixpkgs": "nixpkgs",
        "python-terraform-src": "python-terraform-src",
        "redis-flake": "redis-flake",
        "redisbench-admin-src": "redisbench-admin-src",
        "rltest-src": "rltest-src",
        "rust-overlay": "rust-overlay"
      }
    },
    "rust-overlay": {
      "inputs": {
        "nixpkgs": [
          "nixpkgs"
        ]
      },
      "locked": {
        "lastModified": 1773284828,
        "narHash": "sha256-0qI+a9z7KpYCBbp4ENN32b2tf0VmC3MhgFw1KAroqxQ=",
        "owner": "oxalica",
        "repo": "rust-overlay",
        "rev": "2b18fe48d9a8a4ff3850d56b67cfe72f2a589237",
        "type": "github"
      },
      "original": {
        "owner": "oxalica",
        "repo": "rust-overlay",
        "type": "github"
      }
    },
    "speedb": {
      "flake": false,
      "locked": {
        "lastModified": 1773192046,
        "narHash": "sha256-xPtvobRaGswOf5LjhCrkc1XEi0iV1rpB49K/Vuv7YcY=",
        "ref": "refs/heads/main",
        "rev": "4b8b34b8c290da817a34a37c1cc821d0ccd13e4b",
        "revCount": 12265,
        "type": "git",
        "url": "ssh://git@github.com/redislabsdev/speedb-ent"
      },
      "original": {
        "rev": "4b8b34b8c290da817a34a37c1cc821d0ccd13e4b",
        "type": "git",
        "url": "ssh://git@github.com/redislabsdev/speedb-ent"
      }
    },
    "systems": {
      "locked": {
        "lastModified": 1681028828,
        "narHash": "sha256-Vy1rq5AaRuLzOxct8nz4T6wlgyUR7zLU309k9mBC768=",
        "owner": "nix-systems",
        "repo": "default",
        "rev": "da67096a3b9bf56a91d16901293e51ba5b49a27e",
        "type": "github"
      },
      "original": {
        "owner": "nix-systems",
        "repo": "default",
        "type": "github"
      }
    }
  },
  "root": "root",
  "version": 7
}
