{
  "nodes": {
    "flake-utils": {
      "inputs": {
        "systems": "systems"
      },
      "locked": {
        "lastModified": 1731533236,
        "narHash": "sha256-l0KFg5HjrsfsO/JpG+r7fRrqm12kzFHyUHqHCVpMMbI=",
        "owner": "numtide",
        "repo": "flake-utils",
        "rev": "11707dc2f618dd54ca8739b309ec4fc024de578b",
        "type": "github"
      },
      "original": {
        "owner": "numtide",
        "repo": "flake-utils",
        "type": "github"
      }
    },
    "ftsb-src": {
      "flake": false,
      "locked": {
        "lastModified": 1744216595,
        "narHash": "sha256-mj16uC2E6fXa8ItHzrZu/tLEORl1ZgDxj6jxOnXzJ/s=",
        "owner": "RediSearch",
        "repo": "ftsb",
        "rev": "700a65fe1e5bcc85f5b949bef7fa2a991967daee",
        "type": "github"
      },
      "original": {
        "owner": "RediSearch",
        "ref": "v0.3.10",
        "repo": "ftsb",
        "type": "github"
      }
    },
    "nixpkgs": {
      "locked": {
        "lastModified": 1762482733,
        "narHash": "sha256-g/da4FzvckvbiZT075Sb1/YDNDr+tGQgh4N8i5ceYMg=",
        "owner": "NixOS",
        "repo": "nixpkgs",
        "rev": "e1ebeec86b771e9d387dd02d82ffdc77ac753abc",
        "type": "github"
      },
      "original": {
        "owner": "NixOS",
        "ref": "nixpkgs-unstable",
        "repo": "nixpkgs",
        "type": "github"
      }
    },
    "python-terraform-src": {
      "flake": false,
      "locked": {
        "lastModified": 1614611682,
        "narHash": "sha256-EmNikzX2SM+U5lE8virQoWWwB0uAN3DTJk0aycOSAlQ=",
        "owner": "beelit94",
        "repo": "python-terraform",
        "rev": "e1ae747ebf2f3327e1e58d5ff26231720665c4de",
        "type": "github"
      },
      "original": {
        "owner": "beelit94",
        "ref": "0.14.0",
        "repo": "python-terraform",
        "type": "github"
      }
    },
    "redis": {
      "flake": false,
      "locked": {
        "lastModified": 1763454048,
        "narHash": "sha256-2ujPaG3ZiJUwOMTU8KRxm0hECSt4nlvQPqambRv56EY=",
        "ref": "rl_big2_8.4",
        "rev": "8794b7fa494c59f6f5ed722696e30ea98b90d348",
        "revCount": 20232,
        "type": "git",
        "url": "ssh://git@github.com/redislabsdev/Redis.git"
      },
      "original": {
        "ref": "rl_big2_8.4",
        "type": "git",
        "url": "ssh://git@github.com/redislabsdev/Redis.git"
      }
    },
    "redis-flake": {
      "inputs": {
        "flake-utils": [
          "flake-utils"
        ],
        "nixpkgs": [
          "nixpkgs"
        ],
        "redis": "redis",
        "speedb": "speedb"
      },
      "locked": {
        "lastModified": 1763538115,
        "narHash": "sha256-tlKzx2r9HArVQbcpaSGU54SvFmR8GoN6/W+M4gLkiXY=",
        "owner": "chesedo",
        "repo": "redis-flake",
        "rev": "d8a8ae2f1208c6bd7671e26da35db3773f99c48a",
        "type": "github"
      },
      "original": {
        "owner": "chesedo",
        "ref": "big-redis",
        "repo": "redis-flake",
        "type": "github"
      }
    },
    "redisbench-admin-src": {
      "flake": false,
      "locked": {
        "lastModified": 1760720421,
        "narHash": "sha256-SE+evvdbQDhUrf4T8K5aK3WvZ92BD8mFlGoB2dOfGJE=",
        "owner": "chesedo",
        "repo": "redisbench-admin",
        "rev": "4fa5e959575525db75b558e2be8ee8643a06febc",
        "type": "github"
      },
      "original": {
        "owner": "chesedo",
        "ref": "do_not_daemonize",
        "repo": "redisbench-admin",
        "type": "github"
      }
    },
    "rltest-src": {
      "flake": false,
      "locked": {
        "lastModified": 1743002903,
        "narHash": "sha256-2oDHUzeQR7o/qVDzswI05FY4R0LWVVAHw67z3ozXVmM=",
        "owner": "RedisLabsModules",
        "repo": "RLTest",
        "rev": "b6bc69cfa67aa05aea7c829a133b31e309c210ef",
        "type": "github"
      },
      "original": {
        "owner": "RedisLabsModules",
        "ref": "v0.7.16",
        "repo": "RLTest",
        "type": "github"
      }
    },
    "root": {
      "inputs": {
        "flake-utils": "flake-utils",
        "ftsb-src": "ftsb-src",
        "nixpkgs": "nixpkgs",
        "python-terraform-src": "python-terraform-src",
        "redis-flake": "redis-flake",
        "redisbench-admin-src": "redisbench-admin-src",
        "rltest-src": "rltest-src",
        "rust-overlay": "rust-overlay"
      }
    },
    "rust-overlay": {
      "inputs": {
        "nixpkgs": [
          "nixpkgs"
        ]
      },
      "locked": {
        "lastModified": 1762742448,
        "narHash": "sha256-XMxV0h13gg63s0sV6beihCIqdpcJhtbse6DHI743nvo=",
        "owner": "oxalica",
        "repo": "rust-overlay",
        "rev": "7f3556887e3375dc26ff1601b57c93ee286f2c5e",
        "type": "github"
      },
      "original": {
        "owner": "oxalica",
        "repo": "rust-overlay",
        "type": "github"
      }
    },
    "speedb": {
      "flake": false,
      "locked": {
        "lastModified": 1762947783,
        "narHash": "sha256-J672joNOVgL7taee6Ka4sFedBX2yz6dQFOtYVmXK6a0=",
        "ref": "refs/heads/main",
        "rev": "508b61701c321aa2e700de6d17a2100ac8d80571",
        "revCount": 12247,
        "type": "git",
        "url": "ssh://git@github.com/redislabsdev/speedb-ent"
      },
      "original": {
        "type": "git",
        "url": "ssh://git@github.com/redislabsdev/speedb-ent"
      }
    },
    "systems": {
      "locked": {
        "lastModified": 1681028828,
        "narHash": "sha256-Vy1rq5AaRuLzOxct8nz4T6wlgyUR7zLU309k9mBC768=",
        "owner": "nix-systems",
        "repo": "default",
        "rev": "da67096a3b9bf56a91d16901293e51ba5b49a27e",
        "type": "github"
      },
      "original": {
        "owner": "nix-systems",
        "repo": "default",
        "type": "github"
      }
    }
  },
  "root": "root",
  "version": 7
}
